// !$*UTF8*$!
{
	archiveVersion = 1;
	classes = {
	};
	objectVersion = 50;
	objects = {

/* Begin PBXBuildFile section */
		838C1DEA23F989970079D78F /* AppDelegate.swift in Sources */ = {isa = PBXBuildFile; fileRef = 838C1DE923F989970079D78F /* AppDelegate.swift */; };
		838C1DEC23F989970079D78F /* SceneDelegate.swift in Sources */ = {isa = PBXBuildFile; fileRef = 838C1DEB23F989970079D78F /* SceneDelegate.swift */; };
		838C1DEE23F989970079D78F /* ViewController.swift in Sources */ = {isa = PBXBuildFile; fileRef = 838C1DED23F989970079D78F /* ViewController.swift */; };
		838C1DF123F989970079D78F /* Main.storyboard in Resources */ = {isa = PBXBuildFile; fileRef = 838C1DEF23F989970079D78F /* Main.storyboard */; };
		838C1DF423F989970079D78F /* CRUD.xcdatamodeld in Sources */ = {isa = PBXBuildFile; fileRef = 838C1DF223F989970079D78F /* CRUD.xcdatamodeld */; };
		838C1DF623F989990079D78F /* Assets.xcassets in Resources */ = {isa = PBXBuildFile; fileRef = 838C1DF523F989990079D78F /* Assets.xcassets */; };
		838C1DF923F989990079D78F /* LaunchScreen.storyboard in Resources */ = {isa = PBXBuildFile; fileRef = 838C1DF723F989990079D78F /* LaunchScreen.storyboard */; };
		838C1E0423F989990079D78F /* CRUDTests.swift in Sources */ = {isa = PBXBuildFile; fileRef = 838C1E0323F989990079D78F /* CRUDTests.swift */; };
		838C1E0F23F989990079D78F /* CRUDUITests.swift in Sources */ = {isa = PBXBuildFile; fileRef = 838C1E0E23F989990079D78F /* CRUDUITests.swift */; };
		838C1E1D23F99A6E0079D78F /* AddUserViewController.swift in Sources */ = {isa = PBXBuildFile; fileRef = 838C1E1C23F99A6E0079D78F /* AddUserViewController.swift */; };
/* End PBXBuildFile section */

/* Begin PBXContainerItemProxy section */
		838C1E0023F989990079D78F /* PBXContainerItemProxy */ = {
			isa = PBXContainerItemProxy;
			containerPortal = 838C1DDE23F989970079D78F /* Project object */;
			proxyType = 1;
			remoteGlobalIDString = 838C1DE523F989970079D78F;
			remoteInfo = CRUD;
		};
		838C1E0B23F989990079D78F /* PBXContainerItemProxy */ = {
			isa = PBXContainerItemProxy;
			containerPortal = 838C1DDE23F989970079D78F /* Project object */;
			proxyType = 1;
			remoteGlobalIDString = 838C1DE523F989970079D78F;
			remoteInfo = CRUD;
		};
/* End PBXContainerItemProxy section */

/* Begin PBXFileReference section */
		838C1DE623F989970079D78F /* CRUD.app */ = {isa = PBXFileReference; explicitFileType = wrapper.application; includeInIndex = 0; path = CRUD.app; sourceTree = BUILT_PRODUCTS_DIR; };
		838C1DE923F989970079D78F /* AppDelegate.swift */ = {isa = PBXFileReference; lastKnownFileType = sourcecode.swift; path = AppDelegate.swift; sourceTree = "<group>"; };
		838C1DEB23F989970079D78F /* SceneDelegate.swift */ = {isa = PBXFileReference; lastKnownFileType = sourcecode.swift; path = SceneDelegate.swift; sourceTree = "<group>"; };
		838C1DED23F989970079D78F /* ViewController.swift */ = {isa = PBXFileReference; lastKnownFileType = sourcecode.swift; path = ViewController.swift; sourceTree = "<group>"; };
		838C1DF023F989970079D78F /* Base */ = {isa = PBXFileReference; lastKnownFileType = file.storyboard; name = Base; path = Base.lproj/Main.storyboard; sourceTree = "<group>"; };
		838C1DF323F989970079D78F /* CRUD.xcdatamodel */ = {isa = PBXFileReference; lastKnownFileType = wrapper.xcdatamodel; path = CRUD.xcdatamodel; sourceTree = "<group>"; };
		838C1DF523F989990079D78F /* Assets.xcassets */ = {isa = PBXFileReference; lastKnownFileType = folder.assetcatalog; path = Assets.xcassets; sourceTree = "<group>"; };
		838C1DF823F989990079D78F /* Base */ = {isa = PBXFileReference; lastKnownFileType = file.storyboard; name = Base; path = Base.lproj/LaunchScreen.storyboard; sourceTree = "<group>"; };
		838C1DFA23F989990079D78F /* Info.plist */ = {isa = PBXFileReference; lastKnownFileType = text.plist.xml; path = Info.plist; sourceTree = "<group>"; };
		838C1DFF23F989990079D78F /* CRUDTests.xctest */ = {isa = PBXFileReference; explicitFileType = wrapper.cfbundle; includeInIndex = 0; path = CRUDTests.xctest; sourceTree = BUILT_PRODUCTS_DIR; };
		838C1E0323F989990079D78F /* CRUDTests.swift */ = {isa = PBXFileReference; lastKnownFileType = sourcecode.swift; path = CRUDTests.swift; sourceTree = "<group>"; };
		838C1E0523F989990079D78F /* Info.plist */ = {isa = PBXFileReference; lastKnownFileType = text.plist.xml; path = Info.plist; sourceTree = "<group>"; };
		838C1E0A23F989990079D78F /* CRUDUITests.xctest */ = {isa = PBXFileReference; explicitFileType = wrapper.cfbundle; includeInIndex = 0; path = CRUDUITests.xctest; sourceTree = BUILT_PRODUCTS_DIR; };
		838C1E0E23F989990079D78F /* CRUDUITests.swift */ = {isa = PBXFileReference; lastKnownFileType = sourcecode.swift; path = CRUDUITests.swift; sourceTree = "<group>"; };
		838C1E1023F989990079D78F /* Info.plist */ = {isa = PBXFileReference; lastKnownFileType = text.plist.xml; path = Info.plist; sourceTree = "<group>"; };
		838C1E1C23F99A6E0079D78F /* AddUserViewController.swift */ = {isa = PBXFileReference; lastKnownFileType = sourcecode.swift; path = AddUserViewController.swift; sourceTree = "<group>"; };
/* End PBXFileReference section */

/* Begin PBXFrameworksBuildPhase section */
		838C1DE323F989970079D78F /* Frameworks */ = {
			isa = PBXFrameworksBuildPhase;
			buildActionMask = 2147483647;
			files = (
			);
			runOnlyForDeploymentPostprocessing = 0;
		};
		838C1DFC23F989990079D78F /* Frameworks */ = {
			isa = PBXFrameworksBuildPhase;
			buildActionMask = 2147483647;
			files = (
			);
			runOnlyForDeploymentPostprocessing = 0;
		};
		838C1E0723F989990079D78F /* Frameworks */ = {
			isa = PBXFrameworksBuildPhase;
			buildActionMask = 2147483647;
			files = (
			);
			runOnlyForDeploymentPostprocessing = 0;
		};
/* End PBXFrameworksBuildPhase section */

/* Begin PBXGroup section */
		838C1DDD23F989970079D78F = {
			isa = PBXGroup;
			children = (
				838C1DE823F989970079D78F /* CRUD */,
				838C1E0223F989990079D78F /* CRUDTests */,
				838C1E0D23F989990079D78F /* CRUDUITests */,
				838C1DE723F989970079D78F /* Products */,
			);
			sourceTree = "<group>";
		};
		838C1DE723F989970079D78F /* Products */ = {
			isa = PBXGroup;
			children = (
				838C1DE623F989970079D78F /* CRUD.app */,
				838C1DFF23F989990079D78F /* CRUDTests.xctest */,
				838C1E0A23F989990079D78F /* CRUDUITests.xctest */,
			);
			name = Products;
			sourceTree = "<group>";
		};
		838C1DE823F989970079D78F /* CRUD */ = {
			isa = PBXGroup;
			children = (
				838C1DE923F989970079D78F /* AppDelegate.swift */,
				838C1DEB23F989970079D78F /* SceneDelegate.swift */,
				838C1DED23F989970079D78F /* ViewController.swift */,
				838C1E1C23F99A6E0079D78F /* AddUserViewController.swift */,
				838C1DEF23F989970079D78F /* Main.storyboard */,
				838C1DF523F989990079D78F /* Assets.xcassets */,
				838C1DF723F989990079D78F /* LaunchScreen.storyboard */,
				838C1DFA23F989990079D78F /* Info.plist */,
				838C1DF223F989970079D78F /* CRUD.xcdatamodeld */,
			);
			path = CRUD;
			sourceTree = "<group>";
		};
		838C1E0223F989990079D78F /* CRUDTests */ = {
			isa = PBXGroup;
			children = (
				838C1E0323F989990079D78F /* CRUDTests.swift */,
				838C1E0523F989990079D78F /* Info.plist */,
			);
			path = CRUDTests;
			sourceTree = "<group>";
		};
		838C1E0D23F989990079D78F /* CRUDUITests */ = {
			isa = PBXGroup;
			children = (
				838C1E0E23F989990079D78F /* CRUDUITests.swift */,
				838C1E1023F989990079D78F /* Info.plist */,
			);
			path = CRUDUITests;
			sourceTree = "<group>";
		};
/* End PBXGroup section */

/* Begin PBXNativeTarget section */
		838C1DE523F989970079D78F /* CRUD */ = {
			isa = PBXNativeTarget;
			buildConfigurationList = 838C1E1323F989990079D78F /* Build configuration list for PBXNativeTarget "CRUD" */;
			buildPhases = (
				838C1DE223F989970079D78F /* Sources */,
				838C1DE323F989970079D78F /* Frameworks */,
				838C1DE423F989970079D78F /* Resources */,
			);
			buildRules = (
			);
			dependencies = (
			);
			name = CRUD;
			productName = CRUD;
			productReference = 838C1DE623F989970079D78F /* CRUD.app */;
			productType = "com.apple.product-type.application";
		};
		838C1DFE23F989990079D78F /* CRUDTests */ = {
			isa = PBXNativeTarget;
			buildConfigurationList = 838C1E1623F989990079D78F /* Build configuration list for PBXNativeTarget "CRUDTests" */;
			buildPhases = (
				838C1DFB23F989990079D78F /* Sources */,
				838C1DFC23F989990079D78F /* Frameworks */,
				838C1DFD23F989990079D78F /* Resources */,
			);
			buildRules = (
			);
			dependencies = (
				838C1E0123F989990079D78F /* PBXTargetDependency */,
			);
			name = CRUDTests;
			productName = CRUDTests;
			productReference = 838C1DFF23F989990079D78F /* CRUDTests.xctest */;
			productType = "com.apple.product-type.bundle.unit-test";
		};
		838C1E0923F989990079D78F /* CRUDUITests */ = {
			isa = PBXNativeTarget;
			buildConfigurationList = 838C1E1923F989990079D78F /* Build configuration list for PBXNativeTarget "CRUDUITests" */;
			buildPhases = (
				838C1E0623F989990079D78F /* Sources */,
				838C1E0723F989990079D78F /* Frameworks */,
				838C1E0823F989990079D78F /* Resources */,
			);
			buildRules = (
			);
			dependencies = (
				838C1E0C23F989990079D78F /* PBXTargetDependency */,
			);
			name = CRUDUITests;
			productName = CRUDUITests;
			productReference = 838C1E0A23F989990079D78F /* CRUDUITests.xctest */;
			productType = "com.apple.product-type.bundle.ui-testing";
		};
/* End PBXNativeTarget section */

/* Begin PBXProject section */
		838C1DDE23F989970079D78F /* Project object */ = {
			isa = PBXProject;
			attributes = {
				LastSwiftUpdateCheck = 1130;
				LastUpgradeCheck = 1130;
				ORGANIZATIONNAME = Wanhar;
				TargetAttributes = {
					838C1DE523F989970079D78F = {
						CreatedOnToolsVersion = 11.3.1;
					};
					838C1DFE23F989990079D78F = {
						CreatedOnToolsVersion = 11.3.1;
						TestTargetID = 838C1DE523F989970079D78F;
					};
					838C1E0923F989990079D78F = {
						CreatedOnToolsVersion = 11.3.1;
						TestTargetID = 838C1DE523F989970079D78F;
					};
				};
			};
			buildConfigurationList = 838C1DE123F989970079D78F /* Build configuration list for PBXProject "CRUD" */;
			compatibilityVersion = "Xcode 9.3";
			developmentRegion = en;
			hasScannedForEncodings = 0;
			knownRegions = (
				en,
				Base,
			);
			mainGroup = 838C1DDD23F989970079D78F;
			productRefGroup = 838C1DE723F989970079D78F /* Products */;
			projectDirPath = "";
			projectRoot = "";
			targets = (
				838C1DE523F989970079D78F /* CRUD */,
				838C1DFE23F989990079D78F /* CRUDTests */,
				838C1E0923F989990079D78F /* CRUDUITests */,
			);
		};
/* End PBXProject section */

/* Begin PBXResourcesBuildPhase section */
		838C1DE423F989970079D78F /* Resources */ = {
			isa = PBXResourcesBuildPhase;
			buildActionMask = 2147483647;
			files = (
				838C1DF923F989990079D78F /* LaunchScreen.storyboard in Resources */,
				838C1DF623F989990079D78F /* Assets.xcassets in Resources */,
				838C1DF123F989970079D78F /* Main.storyboard in Resources */,
			);
			runOnlyForDeploymentPostprocessing = 0;
		};
		838C1DFD23F989990079D78F /* Resources */ = {
			isa = PBXResourcesBuildPhase;
			buildActionMask = 2147483647;
			files = (
			);
			runOnlyForDeploymentPostprocessing = 0;
		};
		838C1E0823F989990079D78F /* Resources */ = {
			isa = PBXResourcesBuildPhase;
			buildActionMask = 2147483647;
			files = (
			);
			runOnlyForDeploymentPostprocessing = 0;
		};
/* End PBXResourcesBuildPhase section */

/* Begin PBXSourcesBuildPhase section */
		838C1DE223F989970079D78F /* Sources */ = {
			isa = PBXSourcesBuildPhase;
			buildActionMask = 2147483647;
			files = (
				838C1E1D23F99A6E0079D78F /* AddUserViewController.swift in Sources */,
				838C1DEE23F989970079D78F /* ViewController.swift in Sources */,
				838C1DEA23F989970079D78F /* AppDelegate.swift in Sources */,
				838C1DEC23F989970079D78F /* SceneDelegate.swift in Sources */,
				838C1DF423F989970079D78F /* CRUD.xcdatamodeld in Sources */,
			);
			runOnlyForDeploymentPostprocessing = 0;
		};
		838C1DFB23F989990079D78F /* Sources */ = {
			isa = PBXSourcesBuildPhase;
			buildActionMask = 2147483647;
			files = (
				838C1E0423F989990079D78F /* CRUDTests.swift in Sources */,
			);
			runOnlyForDeploymentPostprocessing = 0;
		};
		838C1E0623F989990079D78F /* Sources */ = {
			isa = PBXSourcesBuildPhase;
			buildActionMask = 2147483647;
			files = (
				838C1E0F23F989990079D78F /* CRUDUITests.swift in Sources */,
			);
			runOnlyForDeploymentPostprocessing = 0;
		};
/* End PBXSourcesBuildPhase section */

/* Begin PBXTargetDependency section */
		838C1E0123F989990079D78F /* PBXTargetDependency */ = {
			isa = PBXTargetDependency;
			target = 838C1DE523F989970079D78F /* CRUD */;
			targetProxy = 838C1E0023F989990079D78F /* PBXContainerItemProxy */;
		};
		838C1E0C23F989990079D78F /* PBXTargetDependency */ = {
			isa = PBXTargetDependency;
			target = 838C1DE523F989970079D78F /* CRUD */;
			targetProxy = 838C1E0B23F989990079D78F /* PBXContainerItemProxy */;
		};
/* End PBXTargetDependency section */

/* Begin PBXVariantGroup section */
		838C1DEF23F989970079D78F /* Main.storyboard */ = {
			isa = PBXVariantGroup;
			children = (
				838C1DF023F989970079D78F /* Base */,
			);
			name = Main.storyboard;
			sourceTree = "<group>";
		};
		838C1DF723F989990079D78F /* LaunchScreen.storyboard */ = {
			isa = PBXVariantGroup;
			children = (
				838C1DF823F989990079D78F /* Base */,
			);
			name = LaunchScreen.storyboard;
			sourceTree = "<group>";
		};
/* End PBXVariantGroup section */

/* Begin XCBuildConfiguration section */
		838C1E1123F989990079D78F /* Debug */ = {
			isa = XCBuildConfiguration;
			buildSettings = {
				ALWAYS_SEARCH_USER_PATHS = NO;
				CLANG_ANALYZER_NONNULL = YES;
				CLANG_ANALYZER_NUMBER_OBJECT_CONVERSION = YES_AGGRESSIVE;
				CLANG_CXX_LANGUAGE_STANDARD = "gnu++14";
				CLANG_CXX_LIBRARY = "libc++";
				CLANG_ENABLE_MODULES = YES;
				CLANG_ENABLE_OBJC_ARC = YES;
				CLANG_ENABLE_OBJC_WEAK = YES;
				CLANG_WARN_BLOCK_CAPTURE_AUTORELEASING = YES;
				CLANG_WARN_BOOL_CONVERSION = YES;
				CLANG_WARN_COMMA = YES;
				CLANG_WARN_CONSTANT_CONVERSION = YES;
				CLANG_WARN_DEPRECATED_OBJC_IMPLEMENTATIONS = YES;
				CLANG_WARN_DIRECT_OBJC_ISA_USAGE = YES_ERROR;
				CLANG_WARN_DOCUMENTATION_COMMENTS = YES;
				CLANG_WARN_EMPTY_BODY = YES;
				CLANG_WARN_ENUM_CONVERSION = YES;
				CLANG_WARN_INFINITE_RECURSION = YES;
				CLANG_WARN_INT_CONVERSION = YES;
				CLANG_WARN_NON_LITERAL_NULL_CONVERSION = YES;
				CLANG_WARN_OBJC_IMPLICIT_RETAIN_SELF = YES;
				CLANG_WARN_OBJC_LITERAL_CONVERSION = YES;
				CLANG_WARN_OBJC_ROOT_CLASS = YES_ERROR;
				CLANG_WARN_RANGE_LOOP_ANALYSIS = YES;
				CLANG_WARN_STRICT_PROTOTYPES = YES;
				CLANG_WARN_SUSPICIOUS_MOVE = YES;
				CLANG_WARN_UNGUARDED_AVAILABILITY = YES_AGGRESSIVE;
				CLANG_WARN_UNREACHABLE_CODE = YES;
				CLANG_WARN__DUPLICATE_METHOD_MATCH = YES;
				COPY_PHASE_STRIP = NO;
				DEBUG_INFORMATION_FORMAT = dwarf;
				ENABLE_STRICT_OBJC_MSGSEND = YES;
				ENABLE_TESTABILITY = YES;
				GCC_C_LANGUAGE_STANDARD = gnu11;
				GCC_DYNAMIC_NO_PIC = NO;
				GCC_NO_COMMON_BLOCKS = YES;
				GCC_OPTIMIZATION_LEVEL = 0;
				GCC_PREPROCESSOR_DEFINITIONS = (
					"DEBUG=1",
					"$(inherited)",
				);
				GCC_WARN_64_TO_32_BIT_CONVERSION = YES;
				GCC_WARN_ABOUT_RETURN_TYPE = YES_ERROR;
				GCC_WARN_UNDECLARED_SELECTOR = YES;
				GCC_WARN_UNINITIALIZED_AUTOS = YES_AGGRESSIVE;
				GCC_WARN_UNUSED_FUNCTION = YES;
				GCC_WARN_UNUSED_VARIABLE = YES;
				IPHONEOS_DEPLOYMENT_TARGET = 13.2;
				MTL_ENABLE_DEBUG_INFO = INCLUDE_SOURCE;
				MTL_FAST_MATH = YES;
				ONLY_ACTIVE_ARCH = YES;
				SDKROOT = iphoneos;
				SWIFT_ACTIVE_COMPILATION_CONDITIONS = DEBUG;
				SWIFT_OPTIMIZATION_LEVEL = "-Onone";
			};
			name = Debug;
		};
		838C1E1223F989990079D78F /* Release */ = {
			isa = XCBuildConfiguration;
			buildSettings = {
				ALWAYS_SEARCH_USER_PATHS = NO;
				CLANG_ANALYZER_NONNULL = YES;
				CLANG_ANALYZER_NUMBER_OBJECT_CONVERSION = YES_AGGRESSIVE;
				CLANG_CXX_LANGUAGE_STANDARD = "gnu++14";
				CLANG_CXX_LIBRARY = "libc++";
				CLANG_ENABLE_MODULES = YES;
				CLANG_ENABLE_OBJC_ARC = YES;
				CLANG_ENABLE_OBJC_WEAK = YES;
				CLANG_WARN_BLOCK_CAPTURE_AUTORELEASING = YES;
				CLANG_WARN_BOOL_CONVERSION = YES;
				CLANG_WARN_COMMA = YES;
				CLANG_WARN_CONSTANT_CONVERSION = YES;
				CLANG_WARN_DEPRECATED_OBJC_IMPLEMENTATIONS = YES;
				CLANG_WARN_DIRECT_OBJC_ISA_USAGE = YES_ERROR;
				CLANG_WARN_DOCUMENTATION_COMMENTS = YES;
				CLANG_WARN_EMPTY_BODY = YES;
				CLANG_WARN_ENUM_CONVERSION = YES;
				CLANG_WARN_INFINITE_RECURSION = YES;
				CLANG_WARN_INT_CONVERSION = YES;
				CLANG_WARN_NON_LITERAL_NULL_CONVERSION = YES;
				CLANG_WARN_OBJC_IMPLICIT_RETAIN_SELF = YES;
				CLANG_WARN_OBJC_LITERAL_CONVERSION = YES;
				CLANG_WARN_OBJC_ROOT_CLASS = YES_ERROR;
				CLANG_WARN_RANGE_LOOP_ANALYSIS = YES;
				CLANG_WARN_STRICT_PROTOTYPES = YES;
				CLANG_WARN_SUSPICIOUS_MOVE = YES;
				CLANG_WARN_UNGUARDED_AVAILABILITY = YES_AGGRESSIVE;
				CLANG_WARN_UNREACHABLE_CODE = YES;
				CLANG_WARN__DUPLICATE_METHOD_MATCH = YES;
				COPY_PHASE_STRIP = NO;
				DEBUG_INFORMATION_FORMAT = "dwarf-with-dsym";
				ENABLE_NS_ASSERTIONS = NO;
				ENABLE_STRICT_OBJC_MSGSEND = YES;
				GCC_C_LANGUAGE_STANDARD = gnu11;
				GCC_NO_COMMON_BLOCKS = YES;
				GCC_WARN_64_TO_32_BIT_CONVERSION = YES;
				GCC_WARN_ABOUT_RETURN_TYPE = YES_ERROR;
				GCC_WARN_UNDECLARED_SELECTOR = YES;
				GCC_WARN_UNINITIALIZED_AUTOS = YES_AGGRESSIVE;
				GCC_WARN_UNUSED_FUNCTION = YES;
				GCC_WARN_UNUSED_VARIABLE = YES;
				IPHONEOS_DEPLOYMENT_TARGET = 13.2;
				MTL_ENABLE_DEBUG_INFO = NO;
				MTL_FAST_MATH = YES;
				SDKROOT = iphoneos;
				SWIFT_COMPILATION_MODE = wholemodule;
				SWIFT_OPTIMIZATION_LEVEL = "-O";
				VALIDATE_PRODUCT = YES;
			};
			name = Release;
		};
		838C1E1423F989990079D78F /* Debug */ = {
			isa = XCBuildConfiguration;
			buildSettings = {
				ASSETCATALOG_COMPILER_APPICON_NAME = AppIcon;
				CODE_SIGN_STYLE = Automatic;
				DEVELOPMENT_TEAM = D9X49T6R38;
				INFOPLIST_FILE = CRUD/Info.plist;
				LD_RUNPATH_SEARCH_PATHS = (
					"$(inherited)",
					"@executable_path/Frameworks",
				);
				PRODUCT_BUNDLE_IDENTIFIER = com.katakalar.CRUD;
				PRODUCT_NAME = "$(TARGET_NAME)";
				SWIFT_VERSION = 5.0;
				TARGETED_DEVICE_FAMILY = "1,2";
			};
			name = Debug;
		};
		838C1E1523F989990079D78F /* Release */ = {
			isa = XCBuildConfiguration;
			buildSettings = {
				ASSETCATALOG_COMPILER_APPICON_NAME = AppIcon;
				CODE_SIGN_STYLE = Automatic;
				DEVELOPMENT_TEAM = D9X49T6R38;
				INFOPLIST_FILE = CRUD/Info.plist;
				LD_RUNPATH_SEARCH_PATHS = (
					"$(inherited)",
					"@executable_path/Frameworks",
				);
				PRODUCT_BUNDLE_IDENTIFIER = com.katakalar.CRUD;
				PRODUCT_NAME = "$(TARGET_NAME)";
				SWIFT_VERSION = 5.0;
				TARGETED_DEVICE_FAMILY = "1,2";
			};
			name = Release;
		};
		838C1E1723F989990079D78F /* Debug */ = {
			isa = XCBuildConfiguration;
			buildSettings = {
				ALWAYS_EMBED_SWIFT_STANDARD_LIBRARIES = YES;
				BUNDLE_LOADER = "$(TEST_HOST)";
				CODE_SIGN_STYLE = Automatic;
				DEVELOPMENT_TEAM = D9X49T6R38;
				INFOPLIST_FILE = CRUDTests/Info.plist;
				IPHONEOS_DEPLOYMENT_TARGET = 13.2;
				LD_RUNPATH_SEARCH_PATHS = (
					"$(inherited)",
					"@executable_path/Frameworks",
					"@loader_path/Frameworks",
				);
				PRODUCT_BUNDLE_IDENTIFIER = com.katakalar.CRUDTests;
				PRODUCT_NAME = "$(TARGET_NAME)";
				SWIFT_VERSION = 5.0;
				TARGETED_DEVICE_FAMILY = "1,2";
				TEST_HOST = "$(BUILT_PRODUCTS_DIR)/CRUD.app/CRUD";
			};
			name = Debug;
		};
		838C1E1823F989990079D78F /* Release */ = {
			isa = XCBuildConfiguration;
			buildSettings = {
				ALWAYS_EMBED_SWIFT_STANDARD_LIBRARIES = YES;
				BUNDLE_LOADER = "$(TEST_HOST)";
				CODE_SIGN_STYLE = Automatic;
				DEVELOPMENT_TEAM = D9X49T6R38;
				INFOPLIST_FILE = CRUDTests/Info.plist;
				IPHONEOS_DEPLOYMENT_TARGET = 13.2;
				LD_RUNPATH_SEARCH_PATHS = (
					"$(inherited)",
					"@executable_path/Frameworks",
					"@loader_path/Frameworks",
				);
				PRODUCT_BUNDLE_IDENTIFIER = com.katakalar.CRUDTests;
				PRODUCT_NAME = "$(TARGET_NAME)";
				SWIFT_VERSION = 5.0;
				TARGETED_DEVICE_FAMILY = "1,2";
				TEST_HOST = "$(BUILT_PRODUCTS_DIR)/CRUD.app/CRUD";
			};
			name = Release;
		};
		838C1E1A23F989990079D78F /* Debug */ = {
			isa = XCBuildConfiguration;
			buildSettings = {
				ALWAYS_EMBED_SWIFT_STANDARD_LIBRARIES = YES;
				CODE_SIGN_STYLE = Automatic;
				DEVELOPMENT_TEAM = D9X49T6R38;
				INFOPLIST_FILE = CRUDUITests/Info.plist;
				LD_RUNPATH_SEARCH_PATHS = (
					"$(inherited)",
					"@executable_path/Frameworks",
					"@loader_path/Frameworks",
				);
				PRODUCT_BUNDLE_IDENTIFIER = com.katakalar.CRUDUITests;
				PRODUCT_NAME = "$(TARGET_NAME)";
				SWIFT_VERSION = 5.0;
				TARGETED_DEVICE_FAMILY = "1,2";
				TEST_TARGET_NAME = CRUD;
			};
			name = Debug;
		};
		838C1E1B23F989990079D78F /* Release */ = {
			isa = XCBuildConfiguration;
			buildSettings = {
				ALWAYS_EMBED_SWIFT_STANDARD_LIBRARIES = YES;
				CODE_SIGN_STYLE = Automatic;
				DEVELOPMENT_TEAM = D9X49T6R38;
				INFOPLIST_FILE = CRUDUITests/Info.plist;
				LD_RUNPATH_SEARCH_PATHS = (
					"$(inherited)",
					"@executable_path/Frameworks",
					"@loader_path/Frameworks",
				);
				PRODUCT_BUNDLE_IDENTIFIER = com.katakalar.CRUDUITests;
				PRODUCT_NAME = "$(TARGET_NAME)";
				SWIFT_VERSION = 5.0;
				TARGETED_DEVICE_FAMILY = "1,2";
				TEST_TARGET_NAME = CRUD;
			};
			name = Release;
		};
/* End XCBuildConfiguration section */

/* Begin XCConfigurationList section */
		838C1DE123F989970079D78F /* Build configuration list for PBXProject "CRUD" */ = {
			isa = XCConfigurationList;
			buildConfigurations = (
				838C1E1123F989990079D78F /* Debug */,
				838C1E1223F989990079D78F /* Release */,
			);
			defaultConfigurationIsVisible = 0;
			defaultConfigurationName = Release;
		};
		838C1E1323F989990079D78F /* Build configuration list for PBXNativeTarget "CRUD" */ = {
			isa = XCConfigurationList;
			buildConfigurations = (
				838C1E1423F989990079D78F /* Debug */,
				838C1E1523F989990079D78F /* Release */,
			);
			defaultConfigurationIsVisible = 0;
			defaultConfigurationName = Release;
		};
		838C1E1623F989990079D78F /* Build configuration list for PBXNativeTarget "CRUDTests" */ = {
			isa = XCConfigurationList;
			buildConfigurations = (
				838C1E1723F989990079D78F /* Debug */,
				838C1E1823F989990079D78F /* Release */,
			);
			defaultConfigurationIsVisible = 0;
			defaultConfigurationName = Release;
		};
		838C1E1923F989990079D78F /* Build configuration list for PBXNativeTarget "CRUDUITests" */ = {
			isa = XCConfigurationList;
			buildConfigurations = (
				838C1E1A23F989990079D78F /* Debug */,
				838C1E1B23F989990079D78F /* Release */,
			);
			defaultConfigurationIsVisible = 0;
			defaultConfigurationName = Release;
		};
/* End XCConfigurationList section */

/* Begin XCVersionGroup section */
		838C1DF223F989970079D78F /* CRUD.xcdatamodeld */ = {
			isa = XCVersionGroup;
			children = (
				838C1DF323F989970079D78F /* CRUD.xcdatamodel */,
			);
			currentVersion = 838C1DF323F989970079D78F /* CRUD.xcdatamodel */;
			path = CRUD.xcdatamodeld;
			sourceTree = "<group>";
			versionGroupType = wrapper.xcdatamodel;
		};
/* End XCVersionGroup section */
	};
	rootObject = 838C1DDE23F989970079D78F /* Project object */;
}
